
Microsoft Visual Studio Solution File, Format Version 12.00
# Visual Studio Version 17
VisualStudioVersion = 17.3.32804.467
MinimumVisualStudioVersion = 10.0.40219.1
Project("{9A19103F-16F7-4668-BE54-9A1E7A4F7556}") = "ContosoPizza", "ContosoPizza.csproj", "{98897DD7-5695-4773-B74A-109FAB592AC6}"
EndProject
Project("{FAE04EC0-301F-11D3-BF4B-00C04F79EFBC}") = "ContosoPizza.Core", "ContosoPizza.Core\ContosoPizza.Core.csproj", "{FF1C8679-8BD8-46E7-8BD0-3EC8AE076A50}"
EndProject
Global
	GlobalSection(SolutionConfigurationPlatforms) = preSolution
		Debug|Any CPU = Debug|Any CPU
		Release|Any CPU = Release|Any CPU
	EndGlobalSection
	GlobalSection(ProjectConfigurationPlatforms) = postSolution
		{98897DD7-5695-4773-B74A-109FAB592AC6}.Debug|Any CPU.ActiveCfg = Debug|Any CPU
		{98897DD7-5695-4773-B74A-109FAB592AC6}.Debug|Any CPU.Build.0 = Debug|Any CPU
		{98897DD7-5695-4773-B74A-109FAB592AC6}.Release|Any CPU.ActiveCfg = Release|Any CPU
		{98897DD7-5695-4773-B74A-109FAB592AC6}.Release|Any CPU.Build.0 = Release|Any CPU
		{FF1C8679-8BD8-46E7-8BD0-3EC8AE076A50}.Debug|Any CPU.ActiveCfg = Debug|Any CPU
		{FF1C8679-8BD8-46E7-8BD0-3EC8AE076A50}.Debug|Any CPU.Build.0 = Debug|Any CPU
		{FF1C8679-8BD8-46E7-8BD0-3EC8AE076A50}.Release|Any CPU.ActiveCfg = Release|Any CPU
		{FF1C8679-8BD8-46E7-8BD0-3EC8AE076A50}.Release|Any CPU.Build.0 = Release|Any CPU
	EndGlobalSection
	GlobalSection(SolutionProperties) = preSolution
		HideSolutionNode = FALSE
	EndGlobalSection
	GlobalSection(ExtensibilityGlobals) = postSolution
		SolutionGuid = {274E0DF2-DFCE-42F9-802D-864C19344661}
	EndGlobalSection
EndGlobal
